
Microsoft Visual Studio Solution File, Format Version 12.00
# Visual Studio Version 16
VisualStudioVersion = 16.0.809.6
MinimumVisualStudioVersion = 10.0.40219.1
Project("{FAE04EC0-301F-11D3-BF4B-00C04F79EFBC}") = "XamBLEServer", "XamBLEServer\XamBLEServer.csproj", "{1D7BB69E-4111-45A7-946C-798F197673CC}"
EndProject
Global
	GlobalSection(SolutionConfigurationPlatforms) = preSolution
		Debug|Any CPU = Debug|Any CPU
		Release|Any CPU = Release|Any CPU
	EndGlobalSection
	GlobalSection(ProjectConfigurationPlatforms) = postSolution
		{1D7BB69E-4111-45A7-946C-798F197673CC}.Debug|Any CPU.ActiveCfg = Debug|Any CPU
		{1D7BB69E-4111-45A7-946C-798F197673CC}.Debug|Any CPU.Build.0 = Debug|Any CPU
		{1D7BB69E-4111-45A7-946C-798F197673CC}.Release|Any CPU.ActiveCfg = Release|Any CPU
		{1D7BB69E-4111-45A7-946C-798F197673CC}.Release|Any CPU.Build.0 = Release|Any CPU
	EndGlobalSection
	GlobalSection(SolutionProperties) = preSolution
		HideSolutionNode = FALSE
	EndGlobalSection
	GlobalSection(ExtensibilityGlobals) = postSolution
		SolutionGuid = {0EDE2D78-B76F-4592-A8D2-079F96DC5B17}
	EndGlobalSection
EndGlobal
